// !$*UTF8*$!
{
	archiveVersion = 1;
	classes = {
	};
	objectVersion = 77;
	objects = {

/* Begin PBXBuildFile section */
		02E528D7E22D5F7B850D98AA /* BADeviceInfoDemoViewController.swift in Sources */ = {isa = PBXBuildFile; fileRef = 6EB23A22987439E6D577D68A /* BADeviceInfoDemoViewController.swift */; };
		04E0E6C048606687641CF396 /* BANavBarDemoViewController.swift in Sources */ = {isa = PBXBuildFile; fileRef = E0DCDC40184B9E34413E2734 /* BANavBarDemoViewController.swift */; };
		0712EBB3A22D0CA89B5F9CAD /* BAStringDemoViewController.swift in Sources */ = {isa = PBXBuildFile; fileRef = F211789C4DA50B7FD73A29E4 /* BAStringDemoViewController.swift */; };
		09A93EDF595F44341B01FE53 /* BAAnimationDemoViewController.swift in Sources */ = {isa = PBXBuildFile; fileRef = 3327BE817FAEA8779D2720C8 /* BAAnimationDemoViewController.swift */; };
		0A1770922F413B98ACDB12E7 /* BAColorDemoViewModel.swift in Sources */ = {isa = PBXBuildFile; fileRef = 2E8F75D28C22C5C0199848F2 /* BAColorDemoViewModel.swift */; };
		1307F49E5F8919EEF1D6870E /* BAL10nDemoViewController.swift in Sources */ = {isa = PBXBuildFile; fileRef = 5F9F5C43388846E21917C45F /* BAL10nDemoViewController.swift */; };
		15E67123AA12C5C21C9D306D /* BALoadingDemoViewModel.swift in Sources */ = {isa = PBXBuildFile; fileRef = 795118E0B6ACA6E65FCC07EE /* BALoadingDemoViewModel.swift */; };
		1A3363B3508261216C8D18F7 /* BAAppDelegate.swift in Sources */ = {isa = PBXBuildFile; fileRef = 049EFDB9BFC9324793127B3B /* BAAppDelegate.swift */; };
		2192E5C5AAFEBF7EBC5A1C4D /* BAHomeItemCell.swift in Sources */ = {isa = PBXBuildFile; fileRef = 60903152FB38CF090B63C703 /* BAHomeItemCell.swift */; };
		2DDB6BC0E651B6AE939B04F7 /* BACacheDemoViewController.swift in Sources */ = {isa = PBXBuildFile; fileRef = 61C4A57D2105F8DF8EC83CDE /* BACacheDemoViewController.swift */; };
		3162E25C4DA388F31FCB1554 /* BANavBarDemoViewModel.swift in Sources */ = {isa = PBXBuildFile; fileRef = 1898FD6731AFAADA370E7B76 /* BANavBarDemoViewModel.swift */; };
		31B674A41EDC0748E57826DD /* BAInfraDemoViewController.swift in Sources */ = {isa = PBXBuildFile; fileRef = C8AC9BCAB9713D652FD4154C /* BAInfraDemoViewController.swift */; };
		35DCCB2A7349DF5672D8B381 /* BAScannerDemoViewController.swift in Sources */ = {isa = PBXBuildFile; fileRef = DAF7809B4005302DF8F34060 /* BAScannerDemoViewController.swift */; };
		3F3F4FE17D193365A5E37996 /* BAFontDemoViewController.swift in Sources */ = {isa = PBXBuildFile; fileRef = 03B0A1F7380F195930141637 /* BAFontDemoViewController.swift */; };
		566BF2FCD0C7ED8F6D22F50D /* BANavBarPreviewViewController.swift in Sources */ = {isa = PBXBuildFile; fileRef = 7F033A94663BCB15B0C4A417 /* BANavBarPreviewViewController.swift */; };
		61DAD16B1C14D096A6BD65CD /* BAWebViewDemoViewController.swift in Sources */ = {isa = PBXBuildFile; fileRef = 55D20BFF9A3DB77CA6C4E19D /* BAWebViewDemoViewController.swift */; };
		622E1C534D10F021B24D734F /* BASceneDelegate.swift in Sources */ = {isa = PBXBuildFile; fileRef = 5C0983D9CDD99FF864AC9BD8 /* BASceneDelegate.swift */; };
		63E888CABAA75C37BA9022F1 /* BAComponentsDemoViewController.swift in Sources */ = {isa = PBXBuildFile; fileRef = 8D09A5843BECABE243D6DAAA /* BAComponentsDemoViewController.swift */; };
		64F6584F57CEE3B8CA41B890 /* BAL10nDemoViewModel.swift in Sources */ = {isa = PBXBuildFile; fileRef = 11497EFA63B8E78A7D8509F3 /* BAL10nDemoViewModel.swift */; };
		69F1D1B8E20B8E8C5293C868 /* BAHomeViewController.swift in Sources */ = {isa = PBXBuildFile; fileRef = 572E28293D6F295820FAB78F /* BAHomeViewController.swift */; };
		6A2D8A5CD711B8389BD3CB58 /* BAToastDemoViewController.swift in Sources */ = {isa = PBXBuildFile; fileRef = 0046F5595026CD13F53EFFBA /* BAToastDemoViewController.swift */; };
		6D2B391CDFA5DC790183C102 /* BADemoItem.swift in Sources */ = {isa = PBXBuildFile; fileRef = A61577E69F21D118A4E92983 /* BADemoItem.swift */; };
		6F3201516A887247EC939AC1 /* BANetworkCryptoDemoViewController.swift in Sources */ = {isa = PBXBuildFile; fileRef = A9B4B9609D8707372D489BD3 /* BANetworkCryptoDemoViewController.swift */; };
		76CE522F27DA9A5BACBD8974 /* BATabBarDemoController.swift in Sources */ = {isa = PBXBuildFile; fileRef = 165897D245934B9F18358E91 /* BATabBarDemoController.swift */; };
		78EB0E7488B92BD319287F49 /* BABaseViewController.swift in Sources */ = {isa = PBXBuildFile; fileRef = 226D2A796C3797A9455D3BF5 /* BABaseViewController.swift */; };
		7FC9378B8B8D52C8A7D166C4 /* BADeviceInfoDemoViewModel.swift in Sources */ = {isa = PBXBuildFile; fileRef = 5AD0001DAC5A587A717337F8 /* BADeviceInfoDemoViewModel.swift */; };
		7FD099D5F6430C6447883F25 /* BAInfraDemoViewModel.swift in Sources */ = {isa = PBXBuildFile; fileRef = 6ECB8BCD0BEC86DA4248E477 /* BAInfraDemoViewModel.swift */; };
		83158A9B38C11CA748F35806 /* BAAnimationDemoViewModel.swift in Sources */ = {isa = PBXBuildFile; fileRef = 0DD8D0B37837626E786F69B5 /* BAAnimationDemoViewModel.swift */; };
		8BC2B2BAF8B19D9CB25425DE /* BAToastDemoViewModel.swift in Sources */ = {isa = PBXBuildFile; fileRef = 0CCB9129E5C132E9045C582E /* BAToastDemoViewModel.swift */; };
		9216779DB4BCA1EB7F08E3E1 /* BAPagedWaterfallDemoViewController.swift in Sources */ = {isa = PBXBuildFile; fileRef = 70AEB6593C88266E0316AF44 /* BAPagedWaterfallDemoViewController.swift */; };
		95697E5B2F33FF036744236D /* BAWaterfallDemoViewController.swift in Sources */ = {isa = PBXBuildFile; fileRef = DEF49BE0ADCD46046050098A /* BAWaterfallDemoViewController.swift */; };
		9B67E8CD1AA3E5AABD69BCBC /* BACacheDemoViewModel.swift in Sources */ = {isa = PBXBuildFile; fileRef = ECDE59AC172C6F7FB39947C6 /* BACacheDemoViewModel.swift */; };
		A1B68455790669534133A561 /* BAComponentsDemoViewModel.swift in Sources */ = {isa = PBXBuildFile; fileRef = 3568BC9737BF39CFE7F0039B /* BAComponentsDemoViewModel.swift */; };
		A7E4DBB41F6D0D8624997465 /* BALoadingDemoViewController.swift in Sources */ = {isa = PBXBuildFile; fileRef = AC9104D9971820D321CB58DC /* BALoadingDemoViewController.swift */; };
		B5A4C96C4FE084A6D6845474 /* BAStringDemoViewModel.swift in Sources */ = {isa = PBXBuildFile; fileRef = 95A70627D5C4B1A6E8EEA135 /* BAStringDemoViewModel.swift */; };
		C21652118E36E9AA3CB032DB /* BAStorageDemoViewController.swift in Sources */ = {isa = PBXBuildFile; fileRef = 889B1EA6AF797F9F86F30E4A /* BAStorageDemoViewController.swift */; };
		CA4DD41C51D7A97D8277CA4A /* BANavBarScrollGradientViewController.swift in Sources */ = {isa = PBXBuildFile; fileRef = C3DCC73E08BB0662F9A8A4A3 /* BANavBarScrollGradientViewController.swift */; };
		D7759EEDE53B5F2F9079C0BD /* BANetworkCryptoDemoViewModel.swift in Sources */ = {isa = PBXBuildFile; fileRef = 33F2241BE56FA4F1020EE4E3 /* BANetworkCryptoDemoViewModel.swift */; };
		D9660EBAF7528B0086D06300 /* BAAppTheme.swift in Sources */ = {isa = PBXBuildFile; fileRef = 0BF42E2651E37535ED67AF9A /* BAAppTheme.swift */; };
		DB9872B2A3C91BC33A65D925 /* BAMediaDataDemoViewController.swift in Sources */ = {isa = PBXBuildFile; fileRef = EFB3CC197AB56844321B0C4D /* BAMediaDataDemoViewController.swift */; };
		DB9B13C5FD3085F154A073D9 /* BAColorDemoViewController.swift in Sources */ = {isa = PBXBuildFile; fileRef = F993FC1B008E2EE4ABEAA961 /* BAColorDemoViewController.swift */; };
		E1FAC4ECCFA0C0005AABC46B /* BAWebViewDemoViewModel.swift in Sources */ = {isa = PBXBuildFile; fileRef = 0011094EE6BD4D4EEA1AA68F /* BAWebViewDemoViewModel.swift */; };
		E82A84B9046F059946272FBA /* BASwiftKit in Frameworks */ = {isa = PBXBuildFile; productRef = 7CE64A5A1491C28D3E43E95A /* BASwiftKit */; };
		EC5F37DD9EEF9C885B4DE4B1 /* BAStorageDemoViewModel.swift in Sources */ = {isa = PBXBuildFile; fileRef = 3573BB58C41F8A970C06B403 /* BAStorageDemoViewModel.swift */; };
		EFA4029A55EBDC8AEFF49DB2 /* BAFontDemoViewModel.swift in Sources */ = {isa = PBXBuildFile; fileRef = F1AA0544AB1181BAE5B0A14A /* BAFontDemoViewModel.swift */; };
		F80CF5CA60AFEE5EB4BDAD9B /* BAHomeViewModel.swift in Sources */ = {isa = PBXBuildFile; fileRef = D314CF2CA32A307081AD35B1 /* BAHomeViewModel.swift */; };
		F9579FB81959F53FF0881355 /* BAUtilitiesDemoViewController.swift in Sources */ = {isa = PBXBuildFile; fileRef = 8832C7A206BEF26DEAC1BB26 /* BAUtilitiesDemoViewController.swift */; };
		C8EAA03230C645DB9E440881 /* BASocketDemoViewController.swift in Sources */ = {isa = PBXBuildFile; fileRef = 9A8AE83EFD9C4732AE19FFBE /* BASocketDemoViewController.swift */; };
		4D3FFF6331C44B9191C8BE51 /* BASocketDemoViewModel.swift in Sources */ = {isa = PBXBuildFile; fileRef = BAE251BE5579460CA31FB2F4 /* BASocketDemoViewModel.swift */; };
		42A99C502F6446458BC82E3F /* BASocketMessageCell.swift in Sources */ = {isa = PBXBuildFile; fileRef = 60B71EF127D94DC9A7C3C57F /* BASocketMessageCell.swift */; };
		9035D8F7972B4D8CB8B71963 /* BACountdownDemoViewController.swift in Sources */ = {isa = PBXBuildFile; fileRef = 7E2C889EAECA4F409782B8E8 /* BACountdownDemoViewController.swift */; };
		9E13FDF3CBF046ED994A3CCB /* BACountdownDemoViewModel.swift in Sources */ = {isa = PBXBuildFile; fileRef = D93DD635C556475D99309A50 /* BACountdownDemoViewModel.swift */; };
		8A8489F56AF1461D93245770 /* BACountdownDemoCell.swift in Sources */ = {isa = PBXBuildFile; fileRef = 58E23D81003D4CFC9CECDDF4 /* BACountdownDemoCell.swift */; };
/* End PBXBuildFile section */

/* Begin PBXFileReference section */
		0011094EE6BD4D4EEA1AA68F /* BAWebViewDemoViewModel.swift */ = {isa = PBXFileReference; lastKnownFileType = sourcecode.swift; path = BAWebViewDemoViewModel.swift; sourceTree = "<group>"; };
		0046F5595026CD13F53EFFBA /* BAToastDemoViewController.swift */ = {isa = PBXFileReference; lastKnownFileType = sourcecode.swift; path = BAToastDemoViewController.swift; sourceTree = "<group>"; };
		03B0A1F7380F195930141637 /* BAFontDemoViewController.swift */ = {isa = PBXFileReference; lastKnownFileType = sourcecode.swift; path = BAFontDemoViewController.swift; sourceTree = "<group>"; };
		049EFDB9BFC9324793127B3B /* BAAppDelegate.swift */ = {isa = PBXFileReference; lastKnownFileType = sourcecode.swift; path = BAAppDelegate.swift; sourceTree = "<group>"; };
		0BF42E2651E37535ED67AF9A /* BAAppTheme.swift */ = {isa = PBXFileReference; lastKnownFileType = sourcecode.swift; path = BAAppTheme.swift; sourceTree = "<group>"; };
		0CCB9129E5C132E9045C582E /* BAToastDemoViewModel.swift */ = {isa = PBXFileReference; lastKnownFileType = sourcecode.swift; path = BAToastDemoViewModel.swift; sourceTree = "<group>"; };
		0DD8D0B37837626E786F69B5 /* BAAnimationDemoViewModel.swift */ = {isa = PBXFileReference; lastKnownFileType = sourcecode.swift; path = BAAnimationDemoViewModel.swift; sourceTree = "<group>"; };
		11497EFA63B8E78A7D8509F3 /* BAL10nDemoViewModel.swift */ = {isa = PBXFileReference; lastKnownFileType = sourcecode.swift; path = BAL10nDemoViewModel.swift; sourceTree = "<group>"; };
		165897D245934B9F18358E91 /* BATabBarDemoController.swift */ = {isa = PBXFileReference; lastKnownFileType = sourcecode.swift; path = BATabBarDemoController.swift; sourceTree = "<group>"; };
		1898FD6731AFAADA370E7B76 /* BANavBarDemoViewModel.swift */ = {isa = PBXFileReference; lastKnownFileType = sourcecode.swift; path = BANavBarDemoViewModel.swift; sourceTree = "<group>"; };
		226D2A796C3797A9455D3BF5 /* BABaseViewController.swift */ = {isa = PBXFileReference; lastKnownFileType = sourcecode.swift; path = BABaseViewController.swift; sourceTree = "<group>"; };
		2E8F75D28C22C5C0199848F2 /* BAColorDemoViewModel.swift */ = {isa = PBXFileReference; lastKnownFileType = sourcecode.swift; path = BAColorDemoViewModel.swift; sourceTree = "<group>"; };
		3327BE817FAEA8779D2720C8 /* BAAnimationDemoViewController.swift */ = {isa = PBXFileReference; lastKnownFileType = sourcecode.swift; path = BAAnimationDemoViewController.swift; sourceTree = "<group>"; };
		33F2241BE56FA4F1020EE4E3 /* BANetworkCryptoDemoViewModel.swift */ = {isa = PBXFileReference; lastKnownFileType = sourcecode.swift; path = BANetworkCryptoDemoViewModel.swift; sourceTree = "<group>"; };
		3568BC9737BF39CFE7F0039B /* BAComponentsDemoViewModel.swift */ = {isa = PBXFileReference; lastKnownFileType = sourcecode.swift; path = BAComponentsDemoViewModel.swift; sourceTree = "<group>"; };
		3573BB58C41F8A970C06B403 /* BAStorageDemoViewModel.swift */ = {isa = PBXFileReference; lastKnownFileType = sourcecode.swift; path = BAStorageDemoViewModel.swift; sourceTree = "<group>"; };
		55D20BFF9A3DB77CA6C4E19D /* BAWebViewDemoViewController.swift */ = {isa = PBXFileReference; lastKnownFileType = sourcecode.swift; path = BAWebViewDemoViewController.swift; sourceTree = "<group>"; };
		572E28293D6F295820FAB78F /* BAHomeViewController.swift */ = {isa = PBXFileReference; lastKnownFileType = sourcecode.swift; path = BAHomeViewController.swift; sourceTree = "<group>"; };
		5AD0001DAC5A587A717337F8 /* BADeviceInfoDemoViewModel.swift */ = {isa = PBXFileReference; lastKnownFileType = sourcecode.swift; path = BADeviceInfoDemoViewModel.swift; sourceTree = "<group>"; };
		5C0983D9CDD99FF864AC9BD8 /* BASceneDelegate.swift */ = {isa = PBXFileReference; lastKnownFileType = sourcecode.swift; path = BASceneDelegate.swift; sourceTree = "<group>"; };
		5F9F5C43388846E21917C45F /* BAL10nDemoViewController.swift */ = {isa = PBXFileReference; lastKnownFileType = sourcecode.swift; path = BAL10nDemoViewController.swift; sourceTree = "<group>"; };
		60903152FB38CF090B63C703 /* BAHomeItemCell.swift */ = {isa = PBXFileReference; lastKnownFileType = sourcecode.swift; path = BAHomeItemCell.swift; sourceTree = "<group>"; };
		61C4A57D2105F8DF8EC83CDE /* BACacheDemoViewController.swift */ = {isa = PBXFileReference; lastKnownFileType = sourcecode.swift; path = BACacheDemoViewController.swift; sourceTree = "<group>"; };
		6EB23A22987439E6D577D68A /* BADeviceInfoDemoViewController.swift */ = {isa = PBXFileReference; lastKnownFileType = sourcecode.swift; path = BADeviceInfoDemoViewController.swift; sourceTree = "<group>"; };
		6ECB8BCD0BEC86DA4248E477 /* BAInfraDemoViewModel.swift */ = {isa = PBXFileReference; lastKnownFileType = sourcecode.swift; path = BAInfraDemoViewModel.swift; sourceTree = "<group>"; };
		70AEB6593C88266E0316AF44 /* BAPagedWaterfallDemoViewController.swift */ = {isa = PBXFileReference; lastKnownFileType = sourcecode.swift; path = BAPagedWaterfallDemoViewController.swift; sourceTree = "<group>"; };
		795118E0B6ACA6E65FCC07EE /* BALoadingDemoViewModel.swift */ = {isa = PBXFileReference; lastKnownFileType = sourcecode.swift; path = BALoadingDemoViewModel.swift; sourceTree = "<group>"; };
		7F033A94663BCB15B0C4A417 /* BANavBarPreviewViewController.swift */ = {isa = PBXFileReference; lastKnownFileType = sourcecode.swift; path = BANavBarPreviewViewController.swift; sourceTree = "<group>"; };
		8832C7A206BEF26DEAC1BB26 /* BAUtilitiesDemoViewController.swift */ = {isa = PBXFileReference; lastKnownFileType = sourcecode.swift; path = BAUtilitiesDemoViewController.swift; sourceTree = "<group>"; };
		889B1EA6AF797F9F86F30E4A /* BAStorageDemoViewController.swift */ = {isa = PBXFileReference; lastKnownFileType = sourcecode.swift; path = BAStorageDemoViewController.swift; sourceTree = "<group>"; };
		8CB4A604A3D0B7EC59E5225F /* BASwiftKitDemo.app */ = {isa = PBXFileReference; explicitFileType = wrapper.application; includeInIndex = 0; path = BASwiftKitDemo.app; sourceTree = BUILT_PRODUCTS_DIR; };
		8D09A5843BECABE243D6DAAA /* BAComponentsDemoViewController.swift */ = {isa = PBXFileReference; lastKnownFileType = sourcecode.swift; path = BAComponentsDemoViewController.swift; sourceTree = "<group>"; };
		900DEBBC4B6E59F054660EFA /* Package */ = {isa = PBXFileReference; lastKnownFileType = folder; name = Package; path = ../Package; sourceTree = SOURCE_ROOT; };
		95A70627D5C4B1A6E8EEA135 /* BAStringDemoViewModel.swift */ = {isa = PBXFileReference; lastKnownFileType = sourcecode.swift; path = BAStringDemoViewModel.swift; sourceTree = "<group>"; };
		A61577E69F21D118A4E92983 /* BADemoItem.swift */ = {isa = PBXFileReference; lastKnownFileType = sourcecode.swift; path = BADemoItem.swift; sourceTree = "<group>"; };
		A9B4B9609D8707372D489BD3 /* BANetworkCryptoDemoViewController.swift */ = {isa = PBXFileReference; lastKnownFileType = sourcecode.swift; path = BANetworkCryptoDemoViewController.swift; sourceTree = "<group>"; };
		AC9104D9971820D321CB58DC /* BALoadingDemoViewController.swift */ = {isa = PBXFileReference; lastKnownFileType = sourcecode.swift; path = BALoadingDemoViewController.swift; sourceTree = "<group>"; };
		C3DCC73E08BB0662F9A8A4A3 /* BANavBarScrollGradientViewController.swift */ = {isa = PBXFileReference; lastKnownFileType = sourcecode.swift; path = BANavBarScrollGradientViewController.swift; sourceTree = "<group>"; };
		C8AC9BCAB9713D652FD4154C /* BAInfraDemoViewController.swift */ = {isa = PBXFileReference; lastKnownFileType = sourcecode.swift; path = BAInfraDemoViewController.swift; sourceTree = "<group>"; };
		D314CF2CA32A307081AD35B1 /* BAHomeViewModel.swift */ = {isa = PBXFileReference; lastKnownFileType = sourcecode.swift; path = BAHomeViewModel.swift; sourceTree = "<group>"; };
		DAF7809B4005302DF8F34060 /* BAScannerDemoViewController.swift */ = {isa = PBXFileReference; lastKnownFileType = sourcecode.swift; path = BAScannerDemoViewController.swift; sourceTree = "<group>"; };
		DEF49BE0ADCD46046050098A /* BAWaterfallDemoViewController.swift */ = {isa = PBXFileReference; lastKnownFileType = sourcecode.swift; path = BAWaterfallDemoViewController.swift; sourceTree = "<group>"; };
		E0DCDC40184B9E34413E2734 /* BANavBarDemoViewController.swift */ = {isa = PBXFileReference; lastKnownFileType = sourcecode.swift; path = BANavBarDemoViewController.swift; sourceTree = "<group>"; };
		ECDE59AC172C6F7FB39947C6 /* BACacheDemoViewModel.swift */ = {isa = PBXFileReference; lastKnownFileType = sourcecode.swift; path = BACacheDemoViewModel.swift; sourceTree = "<group>"; };
		EFB3CC197AB56844321B0C4D /* BAMediaDataDemoViewController.swift */ = {isa = PBXFileReference; lastKnownFileType = sourcecode.swift; path = BAMediaDataDemoViewController.swift; sourceTree = "<group>"; };
		F1AA0544AB1181BAE5B0A14A /* BAFontDemoViewModel.swift */ = {isa = PBXFileReference; lastKnownFileType = sourcecode.swift; path = BAFontDemoViewModel.swift; sourceTree = "<group>"; };
		F211789C4DA50B7FD73A29E4 /* BAStringDemoViewController.swift */ = {isa = PBXFileReference; lastKnownFileType = sourcecode.swift; path = BAStringDemoViewController.swift; sourceTree = "<group>"; };
		F993FC1B008E2EE4ABEAA961 /* BAColorDemoViewController.swift */ = {isa = PBXFileReference; lastKnownFileType = sourcecode.swift; path = BAColorDemoViewController.swift; sourceTree = "<group>"; };
		9A8AE83EFD9C4732AE19FFBE /* BASocketDemoViewController.swift */ = {isa = PBXFileReference; lastKnownFileType = sourcecode.swift; path = BASocketDemoViewController.swift; sourceTree = "<group>"; };
		BAE251BE5579460CA31FB2F4 /* BASocketDemoViewModel.swift */ = {isa = PBXFileReference; lastKnownFileType = sourcecode.swift; path = BASocketDemoViewModel.swift; sourceTree = "<group>"; };
		60B71EF127D94DC9A7C3C57F /* BASocketMessageCell.swift */ = {isa = PBXFileReference; lastKnownFileType = sourcecode.swift; path = BASocketMessageCell.swift; sourceTree = "<group>"; };
		7E2C889EAECA4F409782B8E8 /* BACountdownDemoViewController.swift */ = {isa = PBXFileReference; lastKnownFileType = sourcecode.swift; path = BACountdownDemoViewController.swift; sourceTree = "<group>"; };
		D93DD635C556475D99309A50 /* BACountdownDemoViewModel.swift */ = {isa = PBXFileReference; lastKnownFileType = sourcecode.swift; path = BACountdownDemoViewModel.swift; sourceTree = "<group>"; };
		58E23D81003D4CFC9CECDDF4 /* BACountdownDemoCell.swift */ = {isa = PBXFileReference; lastKnownFileType = sourcecode.swift; path = BACountdownDemoCell.swift; sourceTree = "<group>"; };
/* End PBXFileReference section */

/* Begin PBXFrameworksBuildPhase section */
		5992CB01938FB5F1A6B1B7A2 /* Frameworks */ = {
			isa = PBXFrameworksBuildPhase;
			buildActionMask = 2147483647;
			files = (
				E82A84B9046F059946272FBA /* BASwiftKit in Frameworks */,
			);
			runOnlyForDeploymentPostprocessing = 0;
		};
/* End PBXFrameworksBuildPhase section */

/* Begin PBXGroup section */
		008B29FE5E2823E1A720B228 /* Modules */ = {
			isa = PBXGroup;
			children = (
				DAF9489738119F08C4B1A925 /* AnimationDemo */,
				64F7B7A3C501B4549D3554DF /* CacheDemo */,
				F94006302B45ADA4820FF160 /* ColorDemo */,
				7CEE5AFFB23F7DF2BC9760F4 /* ComponentsDemo */,
				315DBF2963499DBCEAD8579E /* DeviceInfoDemo */,
				54F7FF334FE9DDFD968B840F /* FontDemo */,
				E0555641009CD57D228F9188 /* Home */,
				E1F3CBE437D1D7087D1ACE9B /* InfraDemo */,
				22A5236021E156EBCE8FC401 /* L10nDemo */,
				91EE67705765B687CA8FE902 /* LoadingDemo */,
				B7B695AA072B585F8713ABD2 /* MediaDataDemo */,
				13145E86614B18221B21143F /* NavBarDemo */,
				6AD33590A2E0DC729E030425 /* NetworkCryptoDemo */,
				0610510DAAF55542DBC61ED5 /* ScannerDemo */,
				8B85AC0806314521B04FB9AA /* SocketDemo */,
				79627F0B8DF14EB8A88EA519 /* CountdownDemo */,
				1F0C985E1852C0AE6F41D02C /* StorageDemo */,
				48DA5C3E8234BFCAB486F6EF /* StringDemo */,
				49BCCFC76B5B1AEA84BECAE8 /* TabBarDemo */,
				C77F1BD6C7AA838E8A17E1DF /* ToastDemo */,
				D313032129E6D715133AF5D2 /* UtilitiesDemo */,
				60FFE761FA2FA14DF284AA88 /* WaterfallDemo */,
				0A16492E2DF7B3661037D22B /* WebViewDemo */,
			);
			path = Modules;
			sourceTree = "<group>";
		};
		01770F42CE0A88AD16C7A1D3 /* Common */ = {
			isa = PBXGroup;
			children = (
				226D2A796C3797A9455D3BF5 /* BABaseViewController.swift */,
			);
			path = Common;
			sourceTree = "<group>";
		};
		0610510DAAF55542DBC61ED5 /* ScannerDemo */ = {
			isa = PBXGroup;
			children = (
				DAF7809B4005302DF8F34060 /* BAScannerDemoViewController.swift */,
			);
			path = ScannerDemo;
			sourceTree = "<group>";
		};
		8B85AC0806314521B04FB9AA /* SocketDemo */ = {
			isa = PBXGroup;
			children = (
				9A8AE83EFD9C4732AE19FFBE /* BASocketDemoViewController.swift */,
				BAE251BE5579460CA31FB2F4 /* BASocketDemoViewModel.swift */,
				60B71EF127D94DC9A7C3C57F /* BASocketMessageCell.swift */,
			);
			path = SocketDemo;
			sourceTree = "<group>";
		};
		79627F0B8DF14EB8A88EA519 /* CountdownDemo */ = {
			isa = PBXGroup;
			children = (
				7E2C889EAECA4F409782B8E8 /* BACountdownDemoViewController.swift */,
				D93DD635C556475D99309A50 /* BACountdownDemoViewModel.swift */,
				58E23D81003D4CFC9CECDDF4 /* BACountdownDemoCell.swift */,
			);
			path = CountdownDemo;
			sourceTree = "<group>";
		};
		0A16492E2DF7B3661037D22B /* WebViewDemo */ = {
			isa = PBXGroup;
			children = (
				55D20BFF9A3DB77CA6C4E19D /* BAWebViewDemoViewController.swift */,
				0011094EE6BD4D4EEA1AA68F /* BAWebViewDemoViewModel.swift */,
			);
			path = WebViewDemo;
			sourceTree = "<group>";
		};
		13145E86614B18221B21143F /* NavBarDemo */ = {
			isa = PBXGroup;
			children = (
				E0DCDC40184B9E34413E2734 /* BANavBarDemoViewController.swift */,
				1898FD6731AFAADA370E7B76 /* BANavBarDemoViewModel.swift */,
				7F033A94663BCB15B0C4A417 /* BANavBarPreviewViewController.swift */,
				C3DCC73E08BB0662F9A8A4A3 /* BANavBarScrollGradientViewController.swift */,
			);
			path = NavBarDemo;
			sourceTree = "<group>";
		};
		1F0C985E1852C0AE6F41D02C /* StorageDemo */ = {
			isa = PBXGroup;
			children = (
				889B1EA6AF797F9F86F30E4A /* BAStorageDemoViewController.swift */,
				3573BB58C41F8A970C06B403 /* BAStorageDemoViewModel.swift */,
			);
			path = StorageDemo;
			sourceTree = "<group>";
		};
		22A5236021E156EBCE8FC401 /* L10nDemo */ = {
			isa = PBXGroup;
			children = (
				5F9F5C43388846E21917C45F /* BAL10nDemoViewController.swift */,
				11497EFA63B8E78A7D8509F3 /* BAL10nDemoViewModel.swift */,
			);
			path = L10nDemo;
			sourceTree = "<group>";
		};
		315DBF2963499DBCEAD8579E /* DeviceInfoDemo */ = {
			isa = PBXGroup;
			children = (
				6EB23A22987439E6D577D68A /* BADeviceInfoDemoViewController.swift */,
				5AD0001DAC5A587A717337F8 /* BADeviceInfoDemoViewModel.swift */,
			);
			path = DeviceInfoDemo;
			sourceTree = "<group>";
		};
		48DA5C3E8234BFCAB486F6EF /* StringDemo */ = {
			isa = PBXGroup;
			children = (
				F211789C4DA50B7FD73A29E4 /* BAStringDemoViewController.swift */,
				95A70627D5C4B1A6E8EEA135 /* BAStringDemoViewModel.swift */,
			);
			path = StringDemo;
			sourceTree = "<group>";
		};
		49BCCFC76B5B1AEA84BECAE8 /* TabBarDemo */ = {
			isa = PBXGroup;
			children = (
				165897D245934B9F18358E91 /* BATabBarDemoController.swift */,
			);
			path = TabBarDemo;
			sourceTree = "<group>";
		};
		4AA6433E2DFC978029931B3D /* Theme */ = {
			isa = PBXGroup;
			children = (
				0BF42E2651E37535ED67AF9A /* BAAppTheme.swift */,
			);
			path = Theme;
			sourceTree = "<group>";
		};
		54F7FF334FE9DDFD968B840F /* FontDemo */ = {
			isa = PBXGroup;
			children = (
				03B0A1F7380F195930141637 /* BAFontDemoViewController.swift */,
				F1AA0544AB1181BAE5B0A14A /* BAFontDemoViewModel.swift */,
			);
			path = FontDemo;
			sourceTree = "<group>";
		};
		60FFE761FA2FA14DF284AA88 /* WaterfallDemo */ = {
			isa = PBXGroup;
			children = (
				70AEB6593C88266E0316AF44 /* BAPagedWaterfallDemoViewController.swift */,
				DEF49BE0ADCD46046050098A /* BAWaterfallDemoViewController.swift */,
			);
			path = WaterfallDemo;
			sourceTree = "<group>";
		};
		64F7B7A3C501B4549D3554DF /* CacheDemo */ = {
			isa = PBXGroup;
			children = (
				61C4A57D2105F8DF8EC83CDE /* BACacheDemoViewController.swift */,
				ECDE59AC172C6F7FB39947C6 /* BACacheDemoViewModel.swift */,
			);
			path = CacheDemo;
			sourceTree = "<group>";
		};
		6AD33590A2E0DC729E030425 /* NetworkCryptoDemo */ = {
			isa = PBXGroup;
			children = (
				A9B4B9609D8707372D489BD3 /* BANetworkCryptoDemoViewController.swift */,
				33F2241BE56FA4F1020EE4E3 /* BANetworkCryptoDemoViewModel.swift */,
			);
			path = NetworkCryptoDemo;
			sourceTree = "<group>";
		};
		7CEE5AFFB23F7DF2BC9760F4 /* ComponentsDemo */ = {
			isa = PBXGroup;
			children = (
				8D09A5843BECABE243D6DAAA /* BAComponentsDemoViewController.swift */,
				3568BC9737BF39CFE7F0039B /* BAComponentsDemoViewModel.swift */,
			);
			path = ComponentsDemo;
			sourceTree = "<group>";
		};
		843AD807F7D8F9736041474C /* BASwiftKitDemo */ = {
			isa = PBXGroup;
			children = (
				E54F78C063615F059B12F2BD /* App */,
				01770F42CE0A88AD16C7A1D3 /* Common */,
				008B29FE5E2823E1A720B228 /* Modules */,
				4AA6433E2DFC978029931B3D /* Theme */,
			);
			path = BASwiftKitDemo;
			sourceTree = "<group>";
		};
		91EE67705765B687CA8FE902 /* LoadingDemo */ = {
			isa = PBXGroup;
			children = (
				AC9104D9971820D321CB58DC /* BALoadingDemoViewController.swift */,
				795118E0B6ACA6E65FCC07EE /* BALoadingDemoViewModel.swift */,
			);
			path = LoadingDemo;
			sourceTree = "<group>";
		};
		B7B695AA072B585F8713ABD2 /* MediaDataDemo */ = {
			isa = PBXGroup;
			children = (
				EFB3CC197AB56844321B0C4D /* BAMediaDataDemoViewController.swift */,
			);
			path = MediaDataDemo;
			sourceTree = "<group>";
		};
		BAADEA95A23AC1D58EF635B7 /* Packages */ = {
			isa = PBXGroup;
			children = (
				900DEBBC4B6E59F054660EFA /* Package */,
			);
			name = Packages;
			sourceTree = "<group>";
		};
		C77F1BD6C7AA838E8A17E1DF /* ToastDemo */ = {
			isa = PBXGroup;
			children = (
				0046F5595026CD13F53EFFBA /* BAToastDemoViewController.swift */,
				0CCB9129E5C132E9045C582E /* BAToastDemoViewModel.swift */,
			);
			path = ToastDemo;
			sourceTree = "<group>";
		};
		CA97A334525DCEA18E0B4FF0 /* Products */ = {
			isa = PBXGroup;
			children = (
				8CB4A604A3D0B7EC59E5225F /* BASwiftKitDemo.app */,
			);
			name = Products;
			sourceTree = "<group>";
		};
		D313032129E6D715133AF5D2 /* UtilitiesDemo */ = {
			isa = PBXGroup;
			children = (
				8832C7A206BEF26DEAC1BB26 /* BAUtilitiesDemoViewController.swift */,
			);
			path = UtilitiesDemo;
			sourceTree = "<group>";
		};
		D4DD936A99BCB73308BC911E = {
			isa = PBXGroup;
			children = (
				843AD807F7D8F9736041474C /* BASwiftKitDemo */,
				BAADEA95A23AC1D58EF635B7 /* Packages */,
				CA97A334525DCEA18E0B4FF0 /* Products */,
			);
			sourceTree = "<group>";
		};
		DAF9489738119F08C4B1A925 /* AnimationDemo */ = {
			isa = PBXGroup;
			children = (
				3327BE817FAEA8779D2720C8 /* BAAnimationDemoViewController.swift */,
				0DD8D0B37837626E786F69B5 /* BAAnimationDemoViewModel.swift */,
			);
			path = AnimationDemo;
			sourceTree = "<group>";
		};
		E0555641009CD57D228F9188 /* Home */ = {
			isa = PBXGroup;
			children = (
				A61577E69F21D118A4E92983 /* BADemoItem.swift */,
				60903152FB38CF090B63C703 /* BAHomeItemCell.swift */,
				572E28293D6F295820FAB78F /* BAHomeViewController.swift */,
				D314CF2CA32A307081AD35B1 /* BAHomeViewModel.swift */,
			);
			path = Home;
			sourceTree = "<group>";
		};
		E1F3CBE437D1D7087D1ACE9B /* InfraDemo */ = {
			isa = PBXGroup;
			children = (
				C8AC9BCAB9713D652FD4154C /* BAInfraDemoViewController.swift */,
				6ECB8BCD0BEC86DA4248E477 /* BAInfraDemoViewModel.swift */,
			);
			path = InfraDemo;
			sourceTree = "<group>";
		};
		E54F78C063615F059B12F2BD /* App */ = {
			isa = PBXGroup;
			children = (
				049EFDB9BFC9324793127B3B /* BAAppDelegate.swift */,
				5C0983D9CDD99FF864AC9BD8 /* BASceneDelegate.swift */,
			);
			path = App;
			sourceTree = "<group>";
		};
		F94006302B45ADA4820FF160 /* ColorDemo */ = {
			isa = PBXGroup;
			children = (
				F993FC1B008E2EE4ABEAA961 /* BAColorDemoViewController.swift */,
				2E8F75D28C22C5C0199848F2 /* BAColorDemoViewModel.swift */,
			);
			path = ColorDemo;
			sourceTree = "<group>";
		};
/* End PBXGroup section */

/* Begin PBXNativeTarget section */
		8D8F3EC9EA567ABED9DBEEF8 /* BASwiftKitDemo */ = {
			isa = PBXNativeTarget;
			buildConfigurationList = 1C003C267103DA11F8462804 /* Build configuration list for PBXNativeTarget "BASwiftKitDemo" */;
			buildPhases = (
				22045B877045CC00419612D0 /* Sources */,
				5992CB01938FB5F1A6B1B7A2 /* Frameworks */,
			);
			buildRules = (
			);
			dependencies = (
			);
			name = BASwiftKitDemo;
			packageProductDependencies = (
				7CE64A5A1491C28D3E43E95A /* BASwiftKit */,
			);
			productName = BASwiftKitDemo;
			productReference = 8CB4A604A3D0B7EC59E5225F /* BASwiftKitDemo.app */;
			productType = "com.apple.product-type.application";
		};
/* End PBXNativeTarget section */

/* Begin PBXProject section */
		78F2F18F762BC581EFF0B981 /* Project object */ = {
			isa = PBXProject;
			attributes = {
				BuildIndependentTargetsInParallel = YES;
				LastUpgradeCheck = 1430;
			};
			buildConfigurationList = 060C4200698465A041B1BA28 /* Build configuration list for PBXProject "BASwiftKitDemo" */;
			developmentRegion = "zh-Hans";
			hasScannedForEncodings = 0;
			knownRegions = (
				Base,
				"zh-Hans",
			);
			mainGroup = D4DD936A99BCB73308BC911E;
			minimizedProjectReferenceProxies = 1;
			packageReferences = (
				A1010E447A6D302AF14179B7 /* XCLocalSwiftPackageReference "../Package" */,
			);
			preferredProjectObjectVersion = 77;
			productRefGroup = CA97A334525DCEA18E0B4FF0 /* Products */;
			projectDirPath = "";
			projectRoot = "";
			targets = (
				8D8F3EC9EA567ABED9DBEEF8 /* BASwiftKitDemo */,
			);
		};
/* End PBXProject section */

/* Begin PBXSourcesBuildPhase section */
		22045B877045CC00419612D0 /* Sources */ = {
			isa = PBXSourcesBuildPhase;
			buildActionMask = 2147483647;
			files = (
				09A93EDF595F44341B01FE53 /* BAAnimationDemoViewController.swift in Sources */,
				83158A9B38C11CA748F35806 /* BAAnimationDemoViewModel.swift in Sources */,
				1A3363B3508261216C8D18F7 /* BAAppDelegate.swift in Sources */,
				D9660EBAF7528B0086D06300 /* BAAppTheme.swift in Sources */,
				78EB0E7488B92BD319287F49 /* BABaseViewController.swift in Sources */,
				2DDB6BC0E651B6AE939B04F7 /* BACacheDemoViewController.swift in Sources */,
				9B67E8CD1AA3E5AABD69BCBC /* BACacheDemoViewModel.swift in Sources */,
				DB9B13C5FD3085F154A073D9 /* BAColorDemoViewController.swift in Sources */,
				0A1770922F413B98ACDB12E7 /* BAColorDemoViewModel.swift in Sources */,
				63E888CABAA75C37BA9022F1 /* BAComponentsDemoViewController.swift in Sources */,
				A1B68455790669534133A561 /* BAComponentsDemoViewModel.swift in Sources */,
				6D2B391CDFA5DC790183C102 /* BADemoItem.swift in Sources */,
				02E528D7E22D5F7B850D98AA /* BADeviceInfoDemoViewController.swift in Sources */,
				7FC9378B8B8D52C8A7D166C4 /* BADeviceInfoDemoViewModel.swift in Sources */,
				3F3F4FE17D193365A5E37996 /* BAFontDemoViewController.swift in Sources */,
				EFA4029A55EBDC8AEFF49DB2 /* BAFontDemoViewModel.swift in Sources */,
				2192E5C5AAFEBF7EBC5A1C4D /* BAHomeItemCell.swift in Sources */,
				69F1D1B8E20B8E8C5293C868 /* BAHomeViewController.swift in Sources */,
				F80CF5CA60AFEE5EB4BDAD9B /* BAHomeViewModel.swift in Sources */,
				31B674A41EDC0748E57826DD /* BAInfraDemoViewController.swift in Sources */,
				7FD099D5F6430C6447883F25 /* BAInfraDemoViewModel.swift in Sources */,
				1307F49E5F8919EEF1D6870E /* BAL10nDemoViewController.swift in Sources */,
				64F6584F57CEE3B8CA41B890 /* BAL10nDemoViewModel.swift in Sources */,
				A7E4DBB41F6D0D8624997465 /* BALoadingDemoViewController.swift in Sources */,
				15E67123AA12C5C21C9D306D /* BALoadingDemoViewModel.swift in Sources */,
				DB9872B2A3C91BC33A65D925 /* BAMediaDataDemoViewController.swift in Sources */,
				04E0E6C048606687641CF396 /* BANavBarDemoViewController.swift in Sources */,
				3162E25C4DA388F31FCB1554 /* BANavBarDemoViewModel.swift in Sources */,
				566BF2FCD0C7ED8F6D22F50D /* BANavBarPreviewViewController.swift in Sources */,
				CA4DD41C51D7A97D8277CA4A /* BANavBarScrollGradientViewController.swift in Sources */,
				6F3201516A887247EC939AC1 /* BANetworkCryptoDemoViewController.swift in Sources */,
				D7759EEDE53B5F2F9079C0BD /* BANetworkCryptoDemoViewModel.swift in Sources */,
				9216779DB4BCA1EB7F08E3E1 /* BAPagedWaterfallDemoViewController.swift in Sources */,
				35DCCB2A7349DF5672D8B381 /* BAScannerDemoViewController.swift in Sources */,
				C8EAA03230C645DB9E440881 /* BASocketDemoViewController.swift in Sources */,
				4D3FFF6331C44B9191C8BE51 /* BASocketDemoViewModel.swift in Sources */,
				42A99C502F6446458BC82E3F /* BASocketMessageCell.swift in Sources */,
				9035D8F7972B4D8CB8B71963 /* BACountdownDemoViewController.swift in Sources */,
				9E13FDF3CBF046ED994A3CCB /* BACountdownDemoViewModel.swift in Sources */,
				8A8489F56AF1461D93245770 /* BACountdownDemoCell.swift in Sources */,
				622E1C534D10F021B24D734F /* BASceneDelegate.swift in Sources */,
				C21652118E36E9AA3CB032DB /* BAStorageDemoViewController.swift in Sources */,
				EC5F37DD9EEF9C885B4DE4B1 /* BAStorageDemoViewModel.swift in Sources */,
				0712EBB3A22D0CA89B5F9CAD /* BAStringDemoViewController.swift in Sources */,
				B5A4C96C4FE084A6D6845474 /* BAStringDemoViewModel.swift in Sources */,
				76CE522F27DA9A5BACBD8974 /* BATabBarDemoController.swift in Sources */,
				6A2D8A5CD711B8389BD3CB58 /* BAToastDemoViewController.swift in Sources */,
				8BC2B2BAF8B19D9CB25425DE /* BAToastDemoViewModel.swift in Sources */,
				F9579FB81959F53FF0881355 /* BAUtilitiesDemoViewController.swift in Sources */,
				95697E5B2F33FF036744236D /* BAWaterfallDemoViewController.swift in Sources */,
				61DAD16B1C14D096A6BD65CD /* BAWebViewDemoViewController.swift in Sources */,
				E1FAC4ECCFA0C0005AABC46B /* BAWebViewDemoViewModel.swift in Sources */,
			);
			runOnlyForDeploymentPostprocessing = 0;
		};
/* End PBXSourcesBuildPhase section */

/* Begin XCBuildConfiguration section */
		6CA3E7306F4496B4573ACD00 /* Release */ = {
			isa = XCBuildConfiguration;
			buildSettings = {
				ASSETCATALOG_COMPILER_APPICON_NAME = "";
				CODE_SIGN_IDENTITY = "iPhone Developer";
				GENERATE_INFOPLIST_FILE = NO;
				INFOPLIST_FILE = BASwiftKitDemo/Resources/Info.plist;
				IPHONEOS_DEPLOYMENT_TARGET = 15.0;
				LD_RUNPATH_SEARCH_PATHS = (
					"$(inherited)",
					"@executable_path/Frameworks",
				);
				PRODUCT_BUNDLE_IDENTIFIER = com.baswiftkit.demo;
				SDKROOT = iphoneos;
				TARGETED_DEVICE_FAMILY = "1,2";
			};
			name = Release;
		};
		A2ABA0EA1069AA0F2500788A /* Debug */ = {
			isa = XCBuildConfiguration;
			buildSettings = {
				ALWAYS_SEARCH_USER_PATHS = NO;
				CLANG_ANALYZER_NONNULL = YES;
				CLANG_ANALYZER_NUMBER_OBJECT_CONVERSION = YES_AGGRESSIVE;
				CLANG_CXX_LANGUAGE_STANDARD = "gnu++14";
				CLANG_CXX_LIBRARY = "libc++";
				CLANG_ENABLE_MODULES = YES;
				CLANG_ENABLE_OBJC_ARC = YES;
				CLANG_ENABLE_OBJC_WEAK = YES;
				CLANG_WARN_BLOCK_CAPTURE_AUTORELEASING = YES;
				CLANG_WARN_BOOL_CONVERSION = YES;
				CLANG_WARN_COMMA = YES;
				CLANG_WARN_CONSTANT_CONVERSION = YES;
				CLANG_WARN_DEPRECATED_OBJC_IMPLEMENTATIONS = YES;
				CLANG_WARN_DIRECT_OBJC_ISA_USAGE = YES_ERROR;
				CLANG_WARN_DOCUMENTATION_COMMENTS = YES;
				CLANG_WARN_EMPTY_BODY = YES;
				CLANG_WARN_ENUM_CONVERSION = YES;
				CLANG_WARN_INFINITE_RECURSION = YES;
				CLANG_WARN_INT_CONVERSION = YES;
				CLANG_WARN_NON_LITERAL_NULL_CONVERSION = YES;
				CLANG_WARN_OBJC_IMPLICIT_RETAIN_SELF = YES;
				CLANG_WARN_OBJC_LITERAL_CONVERSION = YES;
				CLANG_WARN_OBJC_ROOT_CLASS = YES_ERROR;
				CLANG_WARN_QUOTED_INCLUDE_IN_FRAMEWORK_HEADER = YES;
				CLANG_WARN_RANGE_LOOP_ANALYSIS = YES;
				CLANG_WARN_STRICT_PROTOTYPES = YES;
				CLANG_WARN_SUSPICIOUS_MOVE = YES;
				CLANG_WARN_UNGUARDED_AVAILABILITY = YES_AGGRESSIVE;
				CLANG_WARN_UNREACHABLE_CODE = YES;
				CLANG_WARN__DUPLICATE_METHOD_MATCH = YES;
				COPY_PHASE_STRIP = NO;
				DEBUG_INFORMATION_FORMAT = dwarf;
				ENABLE_STRICT_OBJC_MSGSEND = YES;
				ENABLE_TESTABILITY = YES;
				ENABLE_USER_SCRIPT_SANDBOXING = NO;
				GCC_C_LANGUAGE_STANDARD = gnu11;
				GCC_DYNAMIC_NO_PIC = NO;
				GCC_NO_COMMON_BLOCKS = YES;
				GCC_OPTIMIZATION_LEVEL = 0;
				GCC_PREPROCESSOR_DEFINITIONS = (
					"$(inherited)",
					"DEBUG=1",
				);
				GCC_WARN_64_TO_32_BIT_CONVERSION = YES;
				GCC_WARN_ABOUT_RETURN_TYPE = YES_ERROR;
				GCC_WARN_UNDECLARED_SELECTOR = YES;
				GCC_WARN_UNINITIALIZED_AUTOS = YES_AGGRESSIVE;
				GCC_WARN_UNUSED_FUNCTION = YES;
				GCC_WARN_UNUSED_VARIABLE = YES;
				IPHONEOS_DEPLOYMENT_TARGET = 13.0;
				MTL_ENABLE_DEBUG_INFO = INCLUDE_SOURCE;
				MTL_FAST_MATH = YES;
				ONLY_ACTIVE_ARCH = YES;
				PRODUCT_NAME = "$(TARGET_NAME)";
				SDKROOT = iphoneos;
				SWIFT_ACTIVE_COMPILATION_CONDITIONS = DEBUG;
				SWIFT_OPTIMIZATION_LEVEL = "-Onone";
				SWIFT_VERSION = 5.7;
			};
			name = Debug;
		};
		D2ADFE90E757BF56BF6F654B /* Release */ = {
			isa = XCBuildConfiguration;
			buildSettings = {
				ALWAYS_SEARCH_USER_PATHS = NO;
				CLANG_ANALYZER_NONNULL = YES;
				CLANG_ANALYZER_NUMBER_OBJECT_CONVERSION = YES_AGGRESSIVE;
				CLANG_CXX_LANGUAGE_STANDARD = "gnu++14";
				CLANG_CXX_LIBRARY = "libc++";
				CLANG_ENABLE_MODULES = YES;
				CLANG_ENABLE_OBJC_ARC = YES;
				CLANG_ENABLE_OBJC_WEAK = YES;
				CLANG_WARN_BLOCK_CAPTURE_AUTORELEASING = YES;
				CLANG_WARN_BOOL_CONVERSION = YES;
				CLANG_WARN_COMMA = YES;
				CLANG_WARN_CONSTANT_CONVERSION = YES;
				CLANG_WARN_DEPRECATED_OBJC_IMPLEMENTATIONS = YES;
				CLANG_WARN_DIRECT_OBJC_ISA_USAGE = YES_ERROR;
				CLANG_WARN_DOCUMENTATION_COMMENTS = YES;
				CLANG_WARN_EMPTY_BODY = YES;
				CLANG_WARN_ENUM_CONVERSION = YES;
				CLANG_WARN_INFINITE_RECURSION = YES;
				CLANG_WARN_INT_CONVERSION = YES;
				CLANG_WARN_NON_LITERAL_NULL_CONVERSION = YES;
				CLANG_WARN_OBJC_IMPLICIT_RETAIN_SELF = YES;
				CLANG_WARN_OBJC_LITERAL_CONVERSION = YES;
				CLANG_WARN_OBJC_ROOT_CLASS = YES_ERROR;
				CLANG_WARN_QUOTED_INCLUDE_IN_FRAMEWORK_HEADER = YES;
				CLANG_WARN_RANGE_LOOP_ANALYSIS = YES;
				CLANG_WARN_STRICT_PROTOTYPES = YES;
				CLANG_WARN_SUSPICIOUS_MOVE = YES;
				CLANG_WARN_UNGUARDED_AVAILABILITY = YES_AGGRESSIVE;
				CLANG_WARN_UNREACHABLE_CODE = YES;
				CLANG_WARN__DUPLICATE_METHOD_MATCH = YES;
				COPY_PHASE_STRIP = NO;
				DEBUG_INFORMATION_FORMAT = "dwarf-with-dsym";
				ENABLE_NS_ASSERTIONS = NO;
				ENABLE_STRICT_OBJC_MSGSEND = YES;
				ENABLE_USER_SCRIPT_SANDBOXING = NO;
				GCC_C_LANGUAGE_STANDARD = gnu11;
				GCC_NO_COMMON_BLOCKS = YES;
				GCC_WARN_64_TO_32_BIT_CONVERSION = YES;
				GCC_WARN_ABOUT_RETURN_TYPE = YES_ERROR;
				GCC_WARN_UNDECLARED_SELECTOR = YES;
				GCC_WARN_UNINITIALIZED_AUTOS = YES_AGGRESSIVE;
				GCC_WARN_UNUSED_FUNCTION = YES;
				GCC_WARN_UNUSED_VARIABLE = YES;
				IPHONEOS_DEPLOYMENT_TARGET = 13.0;
				MTL_ENABLE_DEBUG_INFO = NO;
				MTL_FAST_MATH = YES;
				PRODUCT_NAME = "$(TARGET_NAME)";
				SDKROOT = iphoneos;
				SWIFT_COMPILATION_MODE = wholemodule;
				SWIFT_OPTIMIZATION_LEVEL = "-O";
				SWIFT_VERSION = 5.7;
			};
			name = Release;
		};
		F049C991F1A659AA6148CFFB /* Debug */ = {
			isa = XCBuildConfiguration;
			buildSettings = {
				ASSETCATALOG_COMPILER_APPICON_NAME = "";
				CODE_SIGN_IDENTITY = "iPhone Developer";
				GENERATE_INFOPLIST_FILE = NO;
				INFOPLIST_FILE = BASwiftKitDemo/Resources/Info.plist;
				IPHONEOS_DEPLOYMENT_TARGET = 15.0;
				LD_RUNPATH_SEARCH_PATHS = (
					"$(inherited)",
					"@executable_path/Frameworks",
				);
				PRODUCT_BUNDLE_IDENTIFIER = com.baswiftkit.demo;
				SDKROOT = iphoneos;
				TARGETED_DEVICE_FAMILY = "1,2";
			};
			name = Debug;
		};
/* End XCBuildConfiguration section */

/* Begin XCConfigurationList section */
		060C4200698465A041B1BA28 /* Build configuration list for PBXProject "BASwiftKitDemo" */ = {
			isa = XCConfigurationList;
			buildConfigurations = (
				A2ABA0EA1069AA0F2500788A /* Debug */,
				D2ADFE90E757BF56BF6F654B /* Release */,
			);
			defaultConfigurationIsVisible = 0;
			defaultConfigurationName = Debug;
		};
		1C003C267103DA11F8462804 /* Build configuration list for PBXNativeTarget "BASwiftKitDemo" */ = {
			isa = XCConfigurationList;
			buildConfigurations = (
				F049C991F1A659AA6148CFFB /* Debug */,
				6CA3E7306F4496B4573ACD00 /* Release */,
			);
			defaultConfigurationIsVisible = 0;
			defaultConfigurationName = Debug;
		};
/* End XCConfigurationList section */

/* Begin XCLocalSwiftPackageReference section */
		A1010E447A6D302AF14179B7 /* XCLocalSwiftPackageReference "../Package" */ = {
			isa = XCLocalSwiftPackageReference;
			relativePath = ../Package;
		};
/* End XCLocalSwiftPackageReference section */

/* Begin XCSwiftPackageProductDependency section */
		7CE64A5A1491C28D3E43E95A /* BASwiftKit */ = {
			isa = XCSwiftPackageProductDependency;
			productName = BASwiftKit;
		};
/* End XCSwiftPackageProductDependency section */
	};
	rootObject = 78F2F18F762BC581EFF0B981 /* Project object */;
}
