PODS:
  - AnimationDemo (0.1.0):
    - BASwiftKit
    - DemoCommon
    - SnapKit
  - BASwiftKit (0.1.0):
    - BASwiftKit/Core (= 0.1.0)
    - BASwiftKit/WebView (= 0.1.0)
  - BASwiftKit/Core (0.1.0):
    - SnapKit (~> 5.7.0)
    - Starscream (~> 4.0.0)
  - BASwiftKit/WebView (0.1.0)
  - CacheDemo (0.1.0):
    - BASwiftKit
    - DemoCommon
    - SnapKit
  - ColorDemo (0.1.0):
    - BASwiftKit
    - DemoCommon
    - SnapKit
  - ComponentsDemo (0.1.0):
    - BASwiftKit
    - DemoCommon
    - SnapKit
  - CountdownDemo (0.1.0):
    - BASwiftKit
    - DemoCommon
    - SnapKit
  - DemoCommon (0.1.0):
    - BASwiftKit
    - SnapKit
  - DeviceInfoDemo (0.1.0):
    - BASwiftKit
    - DemoCommon
    - SnapKit
  - FontDemo (0.1.0):
    - BASwiftKit
    - DemoCommon
    - SnapKit
  - InfraDemo (0.1.0):
    - BASwiftKit
    - DemoCommon
    - SnapKit
  - L10nDemo (0.1.0):
    - BASwiftKit
    - DemoCommon
    - SnapKit
  - LoadingDemo (0.1.0):
    - BASwiftKit
    - DemoCommon
    - SnapKit
  - LoggerDemo (0.1.0):
    - BASwiftKit
    - DemoCommon
    - SnapKit
  - MediaDataDemo (0.1.0):
    - BASwiftKit
    - DemoCommon
    - SnapKit
  - NavBarDemo (0.1.0):
    - BASwiftKit
    - DemoCommon
    - SnapKit
  - NetworkCryptoDemo (0.1.0):
    - BASwiftKit
    - DemoCommon
    - SnapKit
  - ParamPassingDemo (0.1.0):
    - BASwiftKit
    - DemoCommon
    - SnapKit
  - RouterDemo (0.1.0):
    - BASwiftKit
    - DemoCommon
    - SnapKit
  - ScannerDemo (0.1.0):
    - BASwiftKit
    - DemoCommon
    - SnapKit
  - SnapKit (5.7.1)
  - SocketDemo (0.1.0):
    - BASwiftKit
    - DemoCommon
    - SnapKit
  - Starscream (4.0.8)
  - StorageDemo (0.1.0):
    - BASwiftKit
    - DemoCommon
    - SnapKit
  - StringDemo (0.1.0):
    - BASwiftKit
    - DemoCommon
    - SnapKit
  - TabBarDemo (0.1.0):
    - BASwiftKit
    - DemoCommon
    - SnapKit
  - ToastDemo (0.1.0):
    - BASwiftKit
    - DemoCommon
    - SnapKit
  - UtilitiesDemo (0.1.0):
    - BASwiftKit
    - DemoCommon
    - SnapKit
  - WaterfallDemo (0.1.0):
    - BASwiftKit
    - DemoCommon
    - SnapKit
  - WebViewDemo (0.1.0):
    - BASwiftKit
    - DemoCommon
    - SnapKit

DEPENDENCIES:
  - AnimationDemo (from `LocalPods/AnimationDemo`)
  - BASwiftKit (from `../`)
  - CacheDemo (from `LocalPods/CacheDemo`)
  - ColorDemo (from `LocalPods/ColorDemo`)
  - ComponentsDemo (from `LocalPods/ComponentsDemo`)
  - CountdownDemo (from `LocalPods/CountdownDemo`)
  - DemoCommon (from `LocalPods/DemoCommon`)
  - DeviceInfoDemo (from `LocalPods/DeviceInfoDemo`)
  - FontDemo (from `LocalPods/FontDemo`)
  - InfraDemo (from `LocalPods/InfraDemo`)
  - L10nDemo (from `LocalPods/L10nDemo`)
  - LoadingDemo (from `LocalPods/LoadingDemo`)
  - LoggerDemo (from `LocalPods/LoggerDemo`)
  - MediaDataDemo (from `LocalPods/MediaDataDemo`)
  - NavBarDemo (from `LocalPods/NavBarDemo`)
  - NetworkCryptoDemo (from `LocalPods/NetworkCryptoDemo`)
  - ParamPassingDemo (from `LocalPods/ParamPassingDemo`)
  - RouterDemo (from `LocalPods/RouterDemo`)
  - ScannerDemo (from `LocalPods/ScannerDemo`)
  - SocketDemo (from `LocalPods/SocketDemo`)
  - StorageDemo (from `LocalPods/StorageDemo`)
  - StringDemo (from `LocalPods/StringDemo`)
  - TabBarDemo (from `LocalPods/TabBarDemo`)
  - ToastDemo (from `LocalPods/ToastDemo`)
  - UtilitiesDemo (from `LocalPods/UtilitiesDemo`)
  - WaterfallDemo (from `LocalPods/WaterfallDemo`)
  - WebViewDemo (from `LocalPods/WebViewDemo`)

SPEC REPOS:
  trunk:
    - SnapKit
    - Starscream

EXTERNAL SOURCES:
  AnimationDemo:
    :path: LocalPods/AnimationDemo
  BASwiftKit:
    :path: "../"
  CacheDemo:
    :path: LocalPods/CacheDemo
  ColorDemo:
    :path: LocalPods/ColorDemo
  ComponentsDemo:
    :path: LocalPods/ComponentsDemo
  CountdownDemo:
    :path: LocalPods/CountdownDemo
  DemoCommon:
    :path: LocalPods/DemoCommon
  DeviceInfoDemo:
    :path: LocalPods/DeviceInfoDemo
  FontDemo:
    :path: LocalPods/FontDemo
  InfraDemo:
    :path: LocalPods/InfraDemo
  L10nDemo:
    :path: LocalPods/L10nDemo
  LoadingDemo:
    :path: LocalPods/LoadingDemo
  LoggerDemo:
    :path: LocalPods/LoggerDemo
  MediaDataDemo:
    :path: LocalPods/MediaDataDemo
  NavBarDemo:
    :path: LocalPods/NavBarDemo
  NetworkCryptoDemo:
    :path: LocalPods/NetworkCryptoDemo
  ParamPassingDemo:
    :path: LocalPods/ParamPassingDemo
  RouterDemo:
    :path: LocalPods/RouterDemo
  ScannerDemo:
    :path: LocalPods/ScannerDemo
  SocketDemo:
    :path: LocalPods/SocketDemo
  StorageDemo:
    :path: LocalPods/StorageDemo
  StringDemo:
    :path: LocalPods/StringDemo
  TabBarDemo:
    :path: LocalPods/TabBarDemo
  ToastDemo:
    :path: LocalPods/ToastDemo
  UtilitiesDemo:
    :path: LocalPods/UtilitiesDemo
  WaterfallDemo:
    :path: LocalPods/WaterfallDemo
  WebViewDemo:
    :path: LocalPods/WebViewDemo

SPEC CHECKSUMS:
  AnimationDemo: 4f3682337922ff9ffd987f40a961d7861646b900
  BASwiftKit: fd868a8efcd390d16230021110cb7ad1a62ca629
  CacheDemo: 7b549062c16bb29030708faeb60c8f3ac19691e3
  ColorDemo: c31de6efa0a4fee9202d7b6b24e076c0e089f853
  ComponentsDemo: 02ae2fc7db82e316bc2e81ee00ad04c13fb8fc65
  CountdownDemo: e49e58e38f91240180a67ff5e1355754de129ee7
  DemoCommon: 466223c36b28e3f017e7d11a7b04082a4d7a8436
  DeviceInfoDemo: 1a1509a621e3cd1035e1b5ad5b3e8135c60dbe04
  FontDemo: eb505f06d3c09d774ee301b79d59a285f2acaed7
  InfraDemo: a71aced2081782e86ed9b34fbe89fa7a47f47ea0
  L10nDemo: c6408fb82db10fc7b42090bcf4c8191012f3d8d4
  LoadingDemo: c76e8d40cdb69fb340a3a7dbd8ca294a6e96d082
  LoggerDemo: ec8cb26efffbfdfd186a104ff9ab6c54c10e6110
  MediaDataDemo: fc0a4bfc62c0ac3d5c5a0f34aa6b26e2e4daa572
  NavBarDemo: 78fd0e518fd26ba2c1e361a201c45f998608252d
  NetworkCryptoDemo: ce967866a9ee8d56284de6c474e17e9c93e7cae7
  ParamPassingDemo: 24b0332dadd8a94a7f46a4ac4909110f01347db1
  RouterDemo: b34fb39802533c021f68000259f179953626e88e
  ScannerDemo: c343b07fe58d8368301b2ad224b7d67e3d6676fd
  SnapKit: d612e99e678a2d3b95bf60b0705ed0a35c03484a
  SocketDemo: e657433abf9b57e9d981e21cc2fe29a8d665e6ec
  Starscream: 19b5533ddb925208db698f0ac508a100b884a1b9
  StorageDemo: 135f16be57e91dd9df5cd587c940127588256592
  StringDemo: f7ff1a55951f713e0f46fd105b432b2ed43c96a9
  TabBarDemo: d077f6430539e04a40eb8700b094be5e24ab78ef
  ToastDemo: 9034a8eea7f146f1d577a0e85bb2b6f44b73ecd2
  UtilitiesDemo: e4b7a340b6ef568fbfafafe7e880f5b26c3bb79b
  WaterfallDemo: a6b4d22d2569f401a9558af96edd05dd78ebc531
  WebViewDemo: 4496a51bb296a2d6163d6221c967a5f0f13147d1

PODFILE CHECKSUM: 5b77bd648a831a46ee9efdafb5089c95d64e7088

COCOAPODS: 1.16.2
